
Microsoft Visual Studio Solution File, Format Version 12.00
# Visual Studio Version 16
VisualStudioVersion = 16.0.31613.86
MinimumVisualStudioVersion = 10.0.40219.1
Project("{FAE04EC0-301F-11D3-BF4B-00C04F79EFBC}") = "BlackHoleTransition", "BlackHoleTransition.csproj", "{FA3D9C27-5DD7-41BA-B79A-2A3A1F3BC394}"
EndProject
Global
	GlobalSection(SolutionConfigurationPlatforms) = preSolution
		Debug|Any CPU = Debug|Any CPU
		Release|Any CPU = Release|Any CPU
	EndGlobalSection
	GlobalSection(ProjectConfigurationPlatforms) = postSolution
		{FA3D9C27-5DD7-41BA-B79A-2A3A1F3BC394}.Debug|Any CPU.ActiveCfg = Debug|Any CPU
		{FA3D9C27-5DD7-41BA-B79A-2A3A1F3BC394}.Debug|Any CPU.Build.0 = Debug|Any CPU
		{FA3D9C27-5DD7-41BA-B79A-2A3A1F3BC394}.Release|Any CPU.ActiveCfg = Release|Any CPU
		{FA3D9C27-5DD7-41BA-B79A-2A3A1F3BC394}.Release|Any CPU.Build.0 = Release|Any CPU
	EndGlobalSection
	GlobalSection(SolutionProperties) = preSolution
		HideSolutionNode = FALSE
	EndGlobalSection
	GlobalSection(ExtensibilityGlobals) = postSolution
		SolutionGuid = {FB349997-D632-4B3B-A067-BEA9D7C5E18E}
	EndGlobalSection
EndGlobal
